
Microsoft Visual Studio Solution File, Format Version 10.00
# Visual Studio 2008
Project("{FAE04EC0-301F-11D3-BF4B-00C04F79EFBC}") = "Morphological.Kudos", "Morphological.Kudos.csproj", "{75C23A4D-2D1A-419B-B7E3-C9C21E697930}"
EndProject
Global
	GlobalSection(SolutionConfigurationPlatforms) = preSolution
		Debug|Any CPU = Debug|Any CPU
		Release|Any CPU = Release|Any CPU
	EndGlobalSection
	GlobalSection(ProjectConfigurationPlatforms) = postSolution
		{75C23A4D-2D1A-419B-B7E3-C9C21E697930}.Debug|Any CPU.ActiveCfg = Debug|Any CPU
		{75C23A4D-2D1A-419B-B7E3-C9C21E697930}.Debug|Any CPU.Build.0 = Debug|Any CPU
		{75C23A4D-2D1A-419B-B7E3-C9C21E697930}.Release|Any CPU.ActiveCfg = Release|Any CPU
		{75C23A4D-2D1A-419B-B7E3-C9C21E697930}.Release|Any CPU.Build.0 = Release|Any CPU
	EndGlobalSection
	GlobalSection(SolutionProperties) = preSolution
		HideSolutionNode = FALSE
	EndGlobalSection
EndGlobal
